
Microsoft Visual Studio Solution File, Format Version 12.00
# Visual Studio Version 17
VisualStudioVersion = 17.4.33403.182
MinimumVisualStudioVersion = 10.0.40219.1
Project("{8BC9CEB8-8B4A-11D0-8D11-00A0C91BC942}") = "cubepro-encoder", "cubepro-encoder\cubepro-encoder.vcxproj", "{99F3E3F7-7DE8-4A8A-9BC3-9C8DD206B4E0}"
EndProject
Project("{8BC9CEB8-8B4A-11D0-8D11-00A0C91BC942}") = "cubex-encoder", "cubex-encoder\cubex-encoder.vcxproj", "{A7D0D807-FCC8-45CF-9E99-0163F489463E}"
EndProject
Project("{8BC9CEB8-8B4A-11D0-8D11-00A0C91BC942}") = "cube-decoder", "cube-decoder\cube-decoder.vcxproj", "{D8B4C43B-6F61-4CC7-8307-8CA030AC28A6}"
EndProject
Project("{FAE04EC0-301F-11D3-BF4B-00C04F79EFBC}") = "CubeEnc_UI", "CubeEnc_UI\CubeEnc_UI.csproj", "{828F70F6-4CF9-4E6A-B022-60B1C3C2BFA3}"
EndProject
Global
	GlobalSection(SolutionConfigurationPlatforms) = preSolution
		Debug|Any CPU = Debug|Any CPU
		Debug|x64 = Debug|x64
		Debug|x86 = Debug|x86
		Release|Any CPU = Release|Any CPU
		Release|x64 = Release|x64
		Release|x86 = Release|x86
	EndGlobalSection
	GlobalSection(ProjectConfigurationPlatforms) = postSolution
		{99F3E3F7-7DE8-4A8A-9BC3-9C8DD206B4E0}.Debug|Any CPU.ActiveCfg = Debug|x64
		{99F3E3F7-7DE8-4A8A-9BC3-9C8DD206B4E0}.Debug|Any CPU.Build.0 = Debug|x64
		{99F3E3F7-7DE8-4A8A-9BC3-9C8DD206B4E0}.Debug|x64.ActiveCfg = Debug|x64
		{99F3E3F7-7DE8-4A8A-9BC3-9C8DD206B4E0}.Debug|x64.Build.0 = Debug|x64
		{99F3E3F7-7DE8-4A8A-9BC3-9C8DD206B4E0}.Debug|x86.ActiveCfg = Debug|Win32
		{99F3E3F7-7DE8-4A8A-9BC3-9C8DD206B4E0}.Debug|x86.Build.0 = Debug|Win32
		{99F3E3F7-7DE8-4A8A-9BC3-9C8DD206B4E0}.Release|Any CPU.ActiveCfg = Release|x64
		{99F3E3F7-7DE8-4A8A-9BC3-9C8DD206B4E0}.Release|Any CPU.Build.0 = Release|x64
		{99F3E3F7-7DE8-4A8A-9BC3-9C8DD206B4E0}.Release|x64.ActiveCfg = Release|x64
		{99F3E3F7-7DE8-4A8A-9BC3-9C8DD206B4E0}.Release|x64.Build.0 = Release|x64
		{99F3E3F7-7DE8-4A8A-9BC3-9C8DD206B4E0}.Release|x86.ActiveCfg = Release|Win32
		{99F3E3F7-7DE8-4A8A-9BC3-9C8DD206B4E0}.Release|x86.Build.0 = Release|Win32
		{A7D0D807-FCC8-45CF-9E99-0163F489463E}.Debug|Any CPU.ActiveCfg = Debug|x64
		{A7D0D807-FCC8-45CF-9E99-0163F489463E}.Debug|Any CPU.Build.0 = Debug|x64
		{A7D0D807-FCC8-45CF-9E99-0163F489463E}.Debug|x64.ActiveCfg = Debug|x64
		{A7D0D807-FCC8-45CF-9E99-0163F489463E}.Debug|x64.Build.0 = Debug|x64
		{A7D0D807-FCC8-45CF-9E99-0163F489463E}.Debug|x86.ActiveCfg = Debug|Win32
		{A7D0D807-FCC8-45CF-9E99-0163F489463E}.Debug|x86.Build.0 = Debug|Win32
		{A7D0D807-FCC8-45CF-9E99-0163F489463E}.Release|Any CPU.ActiveCfg = Release|x64
		{A7D0D807-FCC8-45CF-9E99-0163F489463E}.Release|Any CPU.Build.0 = Release|x64
		{A7D0D807-FCC8-45CF-9E99-0163F489463E}.Release|x64.ActiveCfg = Release|x64
		{A7D0D807-FCC8-45CF-9E99-0163F489463E}.Release|x64.Build.0 = Release|x64
		{A7D0D807-FCC8-45CF-9E99-0163F489463E}.Release|x86.ActiveCfg = Release|Win32
		{A7D0D807-FCC8-45CF-9E99-0163F489463E}.Release|x86.Build.0 = Release|Win32
		{D8B4C43B-6F61-4CC7-8307-8CA030AC28A6}.Debug|Any CPU.ActiveCfg = Debug|x64
		{D8B4C43B-6F61-4CC7-8307-8CA030AC28A6}.Debug|Any CPU.Build.0 = Debug|x64
		{D8B4C43B-6F61-4CC7-8307-8CA030AC28A6}.Debug|x64.ActiveCfg = Debug|x64
		{D8B4C43B-6F61-4CC7-8307-8CA030AC28A6}.Debug|x64.Build.0 = Debug|x64
		{D8B4C43B-6F61-4CC7-8307-8CA030AC28A6}.Debug|x86.ActiveCfg = Debug|Win32
		{D8B4C43B-6F61-4CC7-8307-8CA030AC28A6}.Debug|x86.Build.0 = Debug|Win32
		{D8B4C43B-6F61-4CC7-8307-8CA030AC28A6}.Release|Any CPU.ActiveCfg = Release|x64
		{D8B4C43B-6F61-4CC7-8307-8CA030AC28A6}.Release|Any CPU.Build.0 = Release|x64
		{D8B4C43B-6F61-4CC7-8307-8CA030AC28A6}.Release|x64.ActiveCfg = Release|x64
		{D8B4C43B-6F61-4CC7-8307-8CA030AC28A6}.Release|x64.Build.0 = Release|x64
		{D8B4C43B-6F61-4CC7-8307-8CA030AC28A6}.Release|x86.ActiveCfg = Release|Win32
		{D8B4C43B-6F61-4CC7-8307-8CA030AC28A6}.Release|x86.Build.0 = Release|Win32
		{828F70F6-4CF9-4E6A-B022-60B1C3C2BFA3}.Debug|Any CPU.ActiveCfg = Debug|Any CPU
		{828F70F6-4CF9-4E6A-B022-60B1C3C2BFA3}.Debug|Any CPU.Build.0 = Debug|Any CPU
		{828F70F6-4CF9-4E6A-B022-60B1C3C2BFA3}.Debug|x64.ActiveCfg = Debug|Any CPU
		{828F70F6-4CF9-4E6A-B022-60B1C3C2BFA3}.Debug|x64.Build.0 = Debug|Any CPU
		{828F70F6-4CF9-4E6A-B022-60B1C3C2BFA3}.Debug|x86.ActiveCfg = Debug|Any CPU
		{828F70F6-4CF9-4E6A-B022-60B1C3C2BFA3}.Debug|x86.Build.0 = Debug|Any CPU
		{828F70F6-4CF9-4E6A-B022-60B1C3C2BFA3}.Release|Any CPU.ActiveCfg = Release|Any CPU
		{828F70F6-4CF9-4E6A-B022-60B1C3C2BFA3}.Release|Any CPU.Build.0 = Release|Any CPU
		{828F70F6-4CF9-4E6A-B022-60B1C3C2BFA3}.Release|x64.ActiveCfg = Release|Any CPU
		{828F70F6-4CF9-4E6A-B022-60B1C3C2BFA3}.Release|x64.Build.0 = Release|Any CPU
		{828F70F6-4CF9-4E6A-B022-60B1C3C2BFA3}.Release|x86.ActiveCfg = Release|Any CPU
		{828F70F6-4CF9-4E6A-B022-60B1C3C2BFA3}.Release|x86.Build.0 = Release|Any CPU
	EndGlobalSection
	GlobalSection(SolutionProperties) = preSolution
		HideSolutionNode = FALSE
	EndGlobalSection
	GlobalSection(ExtensibilityGlobals) = postSolution
		SolutionGuid = {FB1130B8-41B7-4EEB-BEB6-B1A3393F5848}
	EndGlobalSection
EndGlobal
